// !$*UTF8*$!
{
	archiveVersion = 1;
	classes = {
	};
	objectVersion = 46;
	objects = {

/* Begin PBXBuildFile section */
		BC1B47951B8BCD9500F0E977 /* main.m in Sources */ = {isa = PBXBuildFile; fileRef = BC1B47941B8BCD9500F0E977 /* main.m */; };
		BC1B47981B8BCD9500F0E977 /* AppDelegate.m in Sources */ = {isa = PBXBuildFile; fileRef = BC1B47971B8BCD9500F0E977 /* AppDelegate.m */; };
		BC1B479B1B8BCD9500F0E977 /* ViewController.m in Sources */ = {isa = PBXBuildFile; fileRef = BC1B479A1B8BCD9500F0E977 /* ViewController.m */; };
		BC1B479E1B8BCD9500F0E977 /* Main.storyboard in Resources */ = {isa = PBXBuildFile; fileRef = BC1B479C1B8BCD9500F0E977 /* Main.storyboard */; };
		BC1B47A01B8BCD9500F0E977 /* Images.xcassets in Resources */ = {isa = PBXBuildFile; fileRef = BC1B479F1B8BCD9500F0E977 /* Images.xcassets */; };
		BC1B47A31B8BCD9500F0E977 /* LaunchScreen.xib in Resources */ = {isa = PBXBuildFile; fileRef = BC1B47A11B8BCD9500F0E977 /* LaunchScreen.xib */; };
		BC1B47AF1B8BCD9500F0E977 /* Simple_CalcTests.m in Sources */ = {isa = PBXBuildFile; fileRef = BC1B47AE1B8BCD9500F0E977 /* Simple_CalcTests.m */; };
		BC362CB21B9A065900A226D9 /* PaddedLabel.m in Sources */ = {isa = PBXBuildFile; fileRef = BC362CB11B9A065900A226D9 /* PaddedLabel.m */; };
/* End PBXBuildFile section */

/* Begin PBXContainerItemProxy section */
		BC1B47A91B8BCD9500F0E977 /* PBXContainerItemProxy */ = {
			isa = PBXContainerItemProxy;
			containerPortal = BC1B47871B8BCD9500F0E977 /* Project object */;
			proxyType = 1;
			remoteGlobalIDString = BC1B478E1B8BCD9500F0E977;
			remoteInfo = "Simple Calc";
		};
/* End PBXContainerItemProxy section */

/* Begin PBXFileReference section */
		BC1B478F1B8BCD9500F0E977 /* Simple Calc.app */ = {isa = PBXFileReference; explicitFileType = wrapper.application; includeInIndex = 0; path = "Simple Calc.app"; sourceTree = BUILT_PRODUCTS_DIR; };
		BC1B47931B8BCD9500F0E977 /* Info.plist */ = {isa = PBXFileReference; lastKnownFileType = text.plist.xml; path = Info.plist; sourceTree = "<group>"; };
		BC1B47941B8BCD9500F0E977 /* main.m */ = {isa = PBXFileReference; lastKnownFileType = sourcecode.c.objc; path = main.m; sourceTree = "<group>"; };
		BC1B47961B8BCD9500F0E977 /* AppDelegate.h */ = {isa = PBXFileReference; lastKnownFileType = sourcecode.c.h; path = AppDelegate.h; sourceTree = "<group>"; };
		BC1B47971B8BCD9500F0E977 /* AppDelegate.m */ = {isa = PBXFileReference; lastKnownFileType = sourcecode.c.objc; path = AppDelegate.m; sourceTree = "<group>"; };
		BC1B47991B8BCD9500F0E977 /* ViewController.h */ = {isa = PBXFileReference; lastKnownFileType = sourcecode.c.h; path = ViewController.h; sourceTree = "<group>"; };
		BC1B479A1B8BCD9500F0E977 /* ViewController.m */ = {isa = PBXFileReference; lastKnownFileType = sourcecode.c.objc; path = ViewController.m; sourceTree = "<group>"; };
		BC1B479D1B8BCD9500F0E977 /* Base */ = {isa = PBXFileReference; lastKnownFileType = file.storyboard; name = Base; path = Base.lproj/Main.storyboard; sourceTree = "<group>"; };
		BC1B479F1B8BCD9500F0E977 /* Images.xcassets */ = {isa = PBXFileReference; lastKnownFileType = folder.assetcatalog; path = Images.xcassets; sourceTree = "<group>"; };
		BC1B47A21B8BCD9500F0E977 /* Base */ = {isa = PBXFileReference; lastKnownFileType = file.xib; name = Base; path = Base.lproj/LaunchScreen.xib; sourceTree = "<group>"; };
		BC1B47A81B8BCD9500F0E977 /* Simple CalcTests.xctest */ = {isa = PBXFileReference; explicitFileType = wrapper.cfbundle; includeInIndex = 0; path = "Simple CalcTests.xctest"; sourceTree = BUILT_PRODUCTS_DIR; };
		BC1B47AD1B8BCD9500F0E977 /* Info.plist */ = {isa = PBXFileReference; lastKnownFileType = text.plist.xml; path = Info.plist; sourceTree = "<group>"; };
		BC1B47AE1B8BCD9500F0E977 /* Simple_CalcTests.m */ = {isa = PBXFileReference; lastKnownFileType = sourcecode.c.objc; path = Simple_CalcTests.m; sourceTree = "<group>"; };
		BC362CB01B9A065900A226D9 /* PaddedLabel.h */ = {isa = PBXFileReference; fileEncoding = 4; lastKnownFileType = sourcecode.c.h; path = PaddedLabel.h; sourceTree = "<group>"; };
		BC362CB11B9A065900A226D9 /* PaddedLabel.m */ = {isa = PBXFileReference; fileEncoding = 4; lastKnownFileType = sourcecode.c.objc; path = PaddedLabel.m; sourceTree = "<group>"; };
/* End PBXFileReference section */

/* Begin PBXFrameworksBuildPhase section */
		BC1B478C1B8BCD9500F0E977 /* Frameworks */ = {
			isa = PBXFrameworksBuildPhase;
			buildActionMask = 2147483647;
			files = (
			);
			runOnlyForDeploymentPostprocessing = 0;
		};
		BC1B47A51B8BCD9500F0E977 /* Frameworks */ = {
			isa = PBXFrameworksBuildPhase;
			buildActionMask = 2147483647;
			files = (
			);
			runOnlyForDeploymentPostprocessing = 0;
		};
/* End PBXFrameworksBuildPhase section */

/* Begin PBXGroup section */
		BC1B47861B8BCD9500F0E977 = {
			isa = PBXGroup;
			children = (
				BC1B47911B8BCD9500F0E977 /* Simple Calc */,
				BC1B47AB1B8BCD9500F0E977 /* Simple CalcTests */,
				BC1B47901B8BCD9500F0E977 /* Products */,
			);
			sourceTree = "<group>";
		};
		BC1B47901B8BCD9500F0E977 /* Products */ = {
			isa = PBXGroup;
			children = (
				BC1B478F1B8BCD9500F0E977 /* Simple Calc.app */,
				BC1B47A81B8BCD9500F0E977 /* Simple CalcTests.xctest */,
			);
			name = Products;
			sourceTree = "<group>";
		};
		BC1B47911B8BCD9500F0E977 /* Simple Calc */ = {
			isa = PBXGroup;
			children = (
				BC1B47961B8BCD9500F0E977 /* AppDelegate.h */,
				BC1B47971B8BCD9500F0E977 /* AppDelegate.m */,
				BC1B47991B8BCD9500F0E977 /* ViewController.h */,
				BC1B479A1B8BCD9500F0E977 /* ViewController.m */,
				BC362CB01B9A065900A226D9 /* PaddedLabel.h */,
				BC362CB11B9A065900A226D9 /* PaddedLabel.m */,
				BC1B479C1B8BCD9500F0E977 /* Main.storyboard */,
				BC1B479F1B8BCD9500F0E977 /* Images.xcassets */,
				BC1B47A11B8BCD9500F0E977 /* LaunchScreen.xib */,
				BC1B47921B8BCD9500F0E977 /* Supporting Files */,
			);
			path = "Simple Calc";
			sourceTree = "<group>";
		};
		BC1B47921B8BCD9500F0E977 /* Supporting Files */ = {
			isa = PBXGroup;
			children = (
				BC1B47931B8BCD9500F0E977 /* Info.plist */,
				BC1B47941B8BCD9500F0E977 /* main.m */,
			);
			name = "Supporting Files";
			sourceTree = "<group>";
		};
		BC1B47AB1B8BCD9500F0E977 /* Simple CalcTests */ = {
			isa = PBXGroup;
			children = (
				BC1B47AE1B8BCD9500F0E977 /* Simple_CalcTests.m */,
				BC1B47AC1B8BCD9500F0E977 /* Supporting Files */,
			);
			path = "Simple CalcTests";
			sourceTree = "<group>";
		};
		BC1B47AC1B8BCD9500F0E977 /* Supporting Files */ = {
			isa = PBXGroup;
			children = (
				BC1B47AD1B8BCD9500F0E977 /* Info.plist */,
			);
			name = "Supporting Files";
			sourceTree = "<group>";
		};
/* End PBXGroup section */

/* Begin PBXNativeTarget section */
		BC1B478E1B8BCD9500F0E977 /* Simple Calc */ = {
			isa = PBXNativeTarget;
			buildConfigurationList = BC1B47B21B8BCD9500F0E977 /* Build configuration list for PBXNativeTarget "Simple Calc" */;
			buildPhases = (
				BC1B478B1B8BCD9500F0E977 /* Sources */,
				BC1B478C1B8BCD9500F0E977 /* Frameworks */,
				BC1B478D1B8BCD9500F0E977 /* Resources */,
			);
			buildRules = (
			);
			dependencies = (
			);
			name = "Simple Calc";
			productName = "Simple Calc";
			productReference = BC1B478F1B8BCD9500F0E977 /* Simple Calc.app */;
			productType = "com.apple.product-type.application";
		};
		BC1B47A71B8BCD9500F0E977 /* Simple CalcTests */ = {
			isa = PBXNativeTarget;
			buildConfigurationList = BC1B47B51B8BCD9500F0E977 /* Build configuration list for PBXNativeTarget "Simple CalcTests" */;
			buildPhases = (
				BC1B47A41B8BCD9500F0E977 /* Sources */,
				BC1B47A51B8BCD9500F0E977 /* Frameworks */,
				BC1B47A61B8BCD9500F0E977 /* Resources */,
			);
			buildRules = (
			);
			dependencies = (
				BC1B47AA1B8BCD9500F0E977 /* PBXTargetDependency */,
			);
			name = "Simple CalcTests";
			productName = "Simple CalcTests";
			productReference = BC1B47A81B8BCD9500F0E977 /* Simple CalcTests.xctest */;
			productType = "com.apple.product-type.bundle.unit-test";
		};
/* End PBXNativeTarget section */

/* Begin PBXProject section */
		BC1B47871B8BCD9500F0E977 /* Project object */ = {
			isa = PBXProject;
			attributes = {
				LastUpgradeCheck = 0610;
				ORGANIZATIONNAME = NoLabel;
				TargetAttributes = {
					BC1B478E1B8BCD9500F0E977 = {
						CreatedOnToolsVersion = 6.1.1;
					};
					BC1B47A71B8BCD9500F0E977 = {
						CreatedOnToolsVersion = 6.1.1;
						TestTargetID = BC1B478E1B8BCD9500F0E977;
					};
				};
			};
			buildConfigurationList = BC1B478A1B8BCD9500F0E977 /* Build configuration list for PBXProject "Simple Calc" */;
			compatibilityVersion = "Xcode 3.2";
			developmentRegion = English;
			hasScannedForEncodings = 0;
			knownRegions = (
				en,
				Base,
			);
			mainGroup = BC1B47861B8BCD9500F0E977;
			productRefGroup = BC1B47901B8BCD9500F0E977 /* Products */;
			projectDirPath = "";
			projectRoot = "";
			targets = (
				BC1B478E1B8BCD9500F0E977 /* Simple Calc */,
				BC1B47A71B8BCD9500F0E977 /* Simple CalcTests */,
			);
		};
/* End PBXProject section */

/* Begin PBXResourcesBuildPhase section */
		BC1B478D1B8BCD9500F0E977 /* Resources */ = {
			isa = PBXResourcesBuildPhase;
			buildActionMask = 2147483647;
			files = (
				BC1B479E1B8BCD9500F0E977 /* Main.storyboard in Resources */,
				BC1B47A31B8BCD9500F0E977 /* LaunchScreen.xib in Resources */,
				BC1B47A01B8BCD9500F0E977 /* Images.xcassets in Resources */,
			);
			runOnlyForDeploymentPostprocessing = 0;
		};
		BC1B47A61B8BCD9500F0E977 /* Resources */ = {
			isa = PBXResourcesBuildPhase;
			buildActionMask = 2147483647;
			files = (
			);
			runOnlyForDeploymentPostprocessing = 0;
		};
/* End PBXResourcesBuildPhase section */

/* Begin PBXSourcesBuildPhase section */
		BC1B478B1B8BCD9500F0E977 /* Sources */ = {
			isa = PBXSourcesBuildPhase;
			buildActionMask = 2147483647;
			files = (
				BC1B479B1B8BCD9500F0E977 /* ViewController.m in Sources */,
				BC1B47981B8BCD9500F0E977 /* AppDelegate.m in Sources */,
				BC362CB21B9A065900A226D9 /* PaddedLabel.m in Sources */,
				BC1B47951B8BCD9500F0E977 /* main.m in Sources */,
			);
			runOnlyForDeploymentPostprocessing = 0;
		};
		BC1B47A41B8BCD9500F0E977 /* Sources */ = {
			isa = PBXSourcesBuildPhase;
			buildActionMask = 2147483647;
			files = (
				BC1B47AF1B8BCD9500F0E977 /* Simple_CalcTests.m in Sources */,
			);
			runOnlyForDeploymentPostprocessing = 0;
		};
/* End PBXSourcesBuildPhase section */

/* Begin PBXTargetDependency section */
		BC1B47AA1B8BCD9500F0E977 /* PBXTargetDependency */ = {
			isa = PBXTargetDependency;
			target = BC1B478E1B8BCD9500F0E977 /* Simple Calc */;
			targetProxy = BC1B47A91B8BCD9500F0E977 /* PBXContainerItemProxy */;
		};
/* End PBXTargetDependency section */

/* Begin PBXVariantGroup section */
		BC1B479C1B8BCD9500F0E977 /* Main.storyboard */ = {
			isa = PBXVariantGroup;
			children = (
				BC1B479D1B8BCD9500F0E977 /* Base */,
			);
			name = Main.storyboard;
			sourceTree = "<group>";
		};
		BC1B47A11B8BCD9500F0E977 /* LaunchScreen.xib */ = {
			isa = PBXVariantGroup;
			children = (
				BC1B47A21B8BCD9500F0E977 /* Base */,
			);
			name = LaunchScreen.xib;
			sourceTree = "<group>";
		};
/* End PBXVariantGroup section */

/* Begin XCBuildConfiguration section */
		BC1B47B01B8BCD9500F0E977 /* Debug */ = {
			isa = XCBuildConfiguration;
			buildSettings = {
				ALWAYS_SEARCH_USER_PATHS = NO;
				CLANG_CXX_LANGUAGE_STANDARD = "gnu++0x";
				CLANG_CXX_LIBRARY = "libc++";
				CLANG_ENABLE_MODULES = YES;
				CLANG_ENABLE_OBJC_ARC = YES;
				CLANG_WARN_BOOL_CONVERSION = YES;
				CLANG_WARN_CONSTANT_CONVERSION = YES;
				CLANG_WARN_DIRECT_OBJC_ISA_USAGE = YES_ERROR;
				CLANG_WARN_EMPTY_BODY = YES;
				CLANG_WARN_ENUM_CONVERSION = YES;
				CLANG_WARN_INT_CONVERSION = YES;
				CLANG_WARN_OBJC_ROOT_CLASS = YES_ERROR;
				CLANG_WARN_UNREACHABLE_CODE = YES;
				CLANG_WARN__DUPLICATE_METHOD_MATCH = YES;
				"CODE_SIGN_IDENTITY[sdk=iphoneos*]" = "iPhone Developer";
				COPY_PHASE_STRIP = NO;
				ENABLE_STRICT_OBJC_MSGSEND = YES;
				GCC_C_LANGUAGE_STANDARD = gnu99;
				GCC_DYNAMIC_NO_PIC = NO;
				GCC_OPTIMIZATION_LEVEL = 0;
				GCC_PREPROCESSOR_DEFINITIONS = (
					"DEBUG=1",
					"$(inherited)",
				);
				GCC_SYMBOLS_PRIVATE_EXTERN = NO;
				GCC_WARN_64_TO_32_BIT_CONVERSION = YES;
				GCC_WARN_ABOUT_RETURN_TYPE = YES_ERROR;
				GCC_WARN_UNDECLARED_SELECTOR = YES;
				GCC_WARN_UNINITIALIZED_AUTOS = YES_AGGRESSIVE;
				GCC_WARN_UNUSED_FUNCTION = YES;
				GCC_WARN_UNUSED_VARIABLE = YES;
				IPHONEOS_DEPLOYMENT_TARGET = 8.1;
				MTL_ENABLE_DEBUG_INFO = YES;
				ONLY_ACTIVE_ARCH = YES;
				SDKROOT = iphoneos;
			};
			name = Debug;
		};
		BC1B47B11B8BCD9500F0E977 /* Release */ = {
			isa = XCBuildConfiguration;
			buildSettings = {
				ALWAYS_SEARCH_USER_PATHS = NO;
				CLANG_CXX_LANGUAGE_STANDARD = "gnu++0x";
				CLANG_CXX_LIBRARY = "libc++";
				CLANG_ENABLE_MODULES = YES;
				CLANG_ENABLE_OBJC_ARC = YES;
				CLANG_WARN_BOOL_CONVERSION = YES;
				CLANG_WARN_CONSTANT_CONVERSION = YES;
				CLANG_WARN_DIRECT_OBJC_ISA_USAGE = YES_ERROR;
				CLANG_WARN_EMPTY_BODY = YES;
				CLANG_WARN_ENUM_CONVERSION = YES;
				CLANG_WARN_INT_CONVERSION = YES;
				CLANG_WARN_OBJC_ROOT_CLASS = YES_ERROR;
				CLANG_WARN_UNREACHABLE_CODE = YES;
				CLANG_WARN__DUPLICATE_METHOD_MATCH = YES;
				"CODE_SIGN_IDENTITY[sdk=iphoneos*]" = "iPhone Developer";
				COPY_PHASE_STRIP = YES;
				ENABLE_NS_ASSERTIONS = NO;
				ENABLE_STRICT_OBJC_MSGSEND = YES;
				GCC_C_LANGUAGE_STANDARD = gnu99;
				GCC_WARN_64_TO_32_BIT_CONVERSION = YES;
				GCC_WARN_ABOUT_RETURN_TYPE = YES_ERROR;
				GCC_WARN_UNDECLARED_SELECTOR = YES;
				GCC_WARN_UNINITIALIZED_AUTOS = YES_AGGRESSIVE;
				GCC_WARN_UNUSED_FUNCTION = YES;
				GCC_WARN_UNUSED_VARIABLE = YES;
				IPHONEOS_DEPLOYMENT_TARGET = 8.1;
				MTL_ENABLE_DEBUG_INFO = NO;
				SDKROOT = iphoneos;
				VALIDATE_PRODUCT = YES;
			};
			name = Release;
		};
		BC1B47B31B8BCD9500F0E977 /* Debug */ = {
			isa = XCBuildConfiguration;
			buildSettings = {
				ASSETCATALOG_COMPILER_APPICON_NAME = AppIcon;
				INFOPLIST_FILE = "Simple Calc/Info.plist";
				LD_RUNPATH_SEARCH_PATHS = "$(inherited) @executable_path/Frameworks";
				PRODUCT_NAME = "$(TARGET_NAME)";
			};
			name = Debug;
		};
		BC1B47B41B8BCD9500F0E977 /* Release */ = {
			isa = XCBuildConfiguration;
			buildSettings = {
				ASSETCATALOG_COMPILER_APPICON_NAME = AppIcon;
				INFOPLIST_FILE = "Simple Calc/Info.plist";
				LD_RUNPATH_SEARCH_PATHS = "$(inherited) @executable_path/Frameworks";
				PRODUCT_NAME = "$(TARGET_NAME)";
			};
			name = Release;
		};
		BC1B47B61B8BCD9500F0E977 /* Debug */ = {
			isa = XCBuildConfiguration;
			buildSettings = {
				BUNDLE_LOADER = "$(TEST_HOST)";
				FRAMEWORK_SEARCH_PATHS = (
					"$(SDKROOT)/Developer/Library/Frameworks",
					"$(inherited)",
				);
				GCC_PREPROCESSOR_DEFINITIONS = (
					"DEBUG=1",
					"$(inherited)",
				);
				INFOPLIST_FILE = "Simple CalcTests/Info.plist";
				LD_RUNPATH_SEARCH_PATHS = "$(inherited) @executable_path/Frameworks @loader_path/Frameworks";
				PRODUCT_NAME = "$(TARGET_NAME)";
				TEST_HOST = "$(BUILT_PRODUCTS_DIR)/Simple Calc.app/Simple Calc";
			};
			name = Debug;
		};
		BC1B47B71B8BCD9500F0E977 /* Release */ = {
			isa = XCBuildConfiguration;
			buildSettings = {
				BUNDLE_LOADER = "$(TEST_HOST)";
				FRAMEWORK_SEARCH_PATHS = (
					"$(SDKROOT)/Developer/Library/Frameworks",
					"$(inherited)",
				);
				INFOPLIST_FILE = "Simple CalcTests/Info.plist";
				LD_RUNPATH_SEARCH_PATHS = "$(inherited) @executable_path/Frameworks @loader_path/Frameworks";
				PRODUCT_NAME = "$(TARGET_NAME)";
				TEST_HOST = "$(BUILT_PRODUCTS_DIR)/Simple Calc.app/Simple Calc";
			};
			name = Release;
		};
/* End XCBuildConfiguration section */

/* Begin XCConfigurationList section */
		BC1B478A1B8BCD9500F0E977 /* Build configuration list for PBXProject "Simple Calc" */ = {
			isa = XCConfigurationList;
			buildConfigurations = (
				BC1B47B01B8BCD9500F0E977 /* Debug */,
				BC1B47B11B8BCD9500F0E977 /* Release */,
			);
			defaultConfigurationIsVisible = 0;
			defaultConfigurationName = Release;
		};
		BC1B47B21B8BCD9500F0E977 /* Build configuration list for PBXNativeTarget "Simple Calc" */ = {
			isa = XCConfigurationList;
			buildConfigurations = (
				BC1B47B31B8BCD9500F0E977 /* Debug */,
				BC1B47B41B8BCD9500F0E977 /* Release */,
			);
			defaultConfigurationIsVisible = 0;
			defaultConfigurationName = Release;
		};
		BC1B47B51B8BCD9500F0E977 /* Build configuration list for PBXNativeTarget "Simple CalcTests" */ = {
			isa = XCConfigurationList;
			buildConfigurations = (
				BC1B47B61B8BCD9500F0E977 /* Debug */,
				BC1B47B71B8BCD9500F0E977 /* Release */,
			);
			defaultConfigurationIsVisible = 0;
			defaultConfigurationName = Release;
		};
/* End XCConfigurationList section */
	};
	rootObject = BC1B47871B8BCD9500F0E977 /* Project object */;
}
